
Microsoft Visual Studio Solution File, Format Version 12.00
# Visual Studio Version 16
VisualStudioVersion = 16.0.29215.179
MinimumVisualStudioVersion = 10.0.40219.1
Project("{FAE04EC0-301F-11D3-BF4B-00C04F79EFBC}") = "ds028414_MIS4200", "ds028414_MIS4200.csproj", "{EF304BAA-4005-473D-A858-41D4552F33B0}"
EndProject
Global
	GlobalSection(SolutionConfigurationPlatforms) = preSolution
		Debug|Any CPU = Debug|Any CPU
		Release|Any CPU = Release|Any CPU
	EndGlobalSection
	GlobalSection(ProjectConfigurationPlatforms) = postSolution
		{EF304BAA-4005-473D-A858-41D4552F33B0}.Debug|Any CPU.ActiveCfg = Debug|Any CPU
		{EF304BAA-4005-473D-A858-41D4552F33B0}.Debug|Any CPU.Build.0 = Debug|Any CPU
		{EF304BAA-4005-473D-A858-41D4552F33B0}.Release|Any CPU.ActiveCfg = Release|Any CPU
		{EF304BAA-4005-473D-A858-41D4552F33B0}.Release|Any CPU.Build.0 = Release|Any CPU
	EndGlobalSection
	GlobalSection(SolutionProperties) = preSolution
		HideSolutionNode = FALSE
	EndGlobalSection
	GlobalSection(ExtensibilityGlobals) = postSolution
		SolutionGuid = {0A96856E-D262-48B0-81C2-734645A63156}
	EndGlobalSection
EndGlobal
